# This file is autogenerated, do not edit; changes may be undone by the next 'dep ensure'.


[[projects]]
  name = "github.com/davecgh/go-spew"
  packages = ["spew"]
  revision = "346938d642f2ec3594ed81d874461961cd0faa76"
  version = "v1.1.0"

[[projects]]
  name = "github.com/influxdata/influxdb"
  packages = ["client/v2","models","pkg/escape"]
  revision = "a7c3d3c0f7b74f71919047adbc4933460967a576"
  version = "v1.3.6"

[[projects]]
  name = "github.com/vmware/govmomi"
  packages = [".","property","session","vim25","vim25/debug","vim25/methods","vim25/mo","vim25/progress","vim25/soap","vim25/types","vim25/xml"]
  revision = "b63044e5f833781eb7b305bc035392480ee06a82"
  version = "v0.15.0"

[[projects]]
  branch = "master"
  name = "golang.org/x/net"
  packages = ["context"]
  revision = "4b14673ba32bee7f5ac0f990a48f033919fd418b"

[solve-meta]
  analyzer-name = "dep"
  analyzer-version = 1
  inputs-digest = "0b7718e6a338978c4ea1efca3255565c667967ddd6ff68999a1d1cea5112209e"
  solver-name = "gps-cdcl"
  solver-version = 1
